// !$*UTF8*$!
{
	archiveVersion = 1;
	classes = {
	};
	objectVersion = 50;
	objects = {

/* Begin PBXBuildFile section */
		28E1000025172A44003BFFD9 /* AppDelegate.swift in Sources */ = {isa = PBXBuildFile; fileRef = 28E1FFFF25172A44003BFFD9 /* AppDelegate.swift */; };
		28E1000225172A44003BFFD9 /* GameScene.sks in Resources */ = {isa = PBXBuildFile; fileRef = 28E1000125172A44003BFFD9 /* GameScene.sks */; };
		28E1000625172A44003BFFD9 /* GameScene.swift in Sources */ = {isa = PBXBuildFile; fileRef = 28E1000525172A44003BFFD9 /* GameScene.swift */; };
		28E1000825172A44003BFFD9 /* GameViewController.swift in Sources */ = {isa = PBXBuildFile; fileRef = 28E1000725172A44003BFFD9 /* GameViewController.swift */; };
		28E1000B25172A44003BFFD9 /* Main.storyboard in Resources */ = {isa = PBXBuildFile; fileRef = 28E1000925172A44003BFFD9 /* Main.storyboard */; };
		28E1000D25172A45003BFFD9 /* Assets.xcassets in Resources */ = {isa = PBXBuildFile; fileRef = 28E1000C25172A45003BFFD9 /* Assets.xcassets */; };
		28E1001825172AC7003BFFD9 /* explode.sks in Resources */ = {isa = PBXBuildFile; fileRef = 28E1001625172AC7003BFFD9 /* explode.sks */; };
		28E1001925172AC7003BFFD9 /* fuse.sks in Resources */ = {isa = PBXBuildFile; fileRef = 28E1001725172AC7003BFFD9 /* fuse.sks */; };
/* End PBXBuildFile section */

/* Begin PBXFileReference section */
		28E1000125172A44003BFFD9 /* GameScene.sks */ = {isa = PBXFileReference; lastKnownFileType = file.sks; path = GameScene.sks; sourceTree = "<group>"; };
		28E1000525172A44003BFFD9 /* GameScene.swift */ = {isa = PBXFileReference; lastKnownFileType = sourcecode.swift; path = GameScene.swift; sourceTree = "<group>"; };
		28E1000725172A44003BFFD9 /* GameViewController.swift */ = {isa = PBXFileReference; lastKnownFileType = sourcecode.swift; path = GameViewController.swift; sourceTree = "<group>"; };
		28E1000A25172A44003BFFD9 /* Base */ = {isa = PBXFileReference; lastKnownFileType = file.storyboard; name = Base; path = Base.lproj/Main.storyboard; sourceTree = "<group>"; };
		28E1000C25172A45003BFFD9 /* Assets.xcassets */ = {isa = PBXFileReference; lastKnownFileType = folder.assetcatalog; path = Assets.xcassets; sourceTree = "<group>"; };
		28E1000E25172A45003BFFD9 /* Info.plist */ = {isa = PBXFileReference; lastKnownFileType = text.plist.xml; path = Info.plist; sourceTree = "<group>"; };
		28E1001625172AC7003BFFD9 /* explode.sks */ = {isa = PBXFileReference; lastKnownFileType = file.sks; path = explode.sks; sourceTree = "<group>"; };
		28E1001725172AC7003BFFD9 /* fuse.sks */ = {isa = PBXFileReference; lastKnownFileType = file.sks; path = fuse.sks; sourceTree = "<group>"; };
		28E1FFFC25172A44003BFFD9 /* FireworksNight.app */ = {isa = PBXFileReference; explicitFileType = wrapper.application; includeInIndex = 0; path = FireworksNight.app; sourceTree = BUILT_PRODUCTS_DIR; };
		28E1FFFF25172A44003BFFD9 /* AppDelegate.swift */ = {isa = PBXFileReference; lastKnownFileType = sourcecode.swift; path = AppDelegate.swift; sourceTree = "<group>"; };
/* End PBXFileReference section */

/* Begin PBXFrameworksBuildPhase section */
		28E1FFF925172A44003BFFD9 /* Frameworks */ = {
			isa = PBXFrameworksBuildPhase;
			buildActionMask = 2147483647;
			files = (
			);
			runOnlyForDeploymentPostprocessing = 0;
		};
/* End PBXFrameworksBuildPhase section */

/* Begin PBXGroup section */
		28E1FFF325172A44003BFFD9 = {
			isa = PBXGroup;
			children = (
				28E1FFFE25172A44003BFFD9 /* FireworksNight */,
				28E1FFFD25172A44003BFFD9 /* Products */,
			);
			sourceTree = "<group>";
		};
		28E1FFFD25172A44003BFFD9 /* Products */ = {
			isa = PBXGroup;
			children = (
				28E1FFFC25172A44003BFFD9 /* FireworksNight.app */,
			);
			name = Products;
			sourceTree = "<group>";
		};
		28E1FFFE25172A44003BFFD9 /* FireworksNight */ = {
			isa = PBXGroup;
			children = (
				28E1FFFF25172A44003BFFD9 /* AppDelegate.swift */,
				28E1000125172A44003BFFD9 /* GameScene.sks */,
				28E1000525172A44003BFFD9 /* GameScene.swift */,
				28E1000725172A44003BFFD9 /* GameViewController.swift */,
				28E1000925172A44003BFFD9 /* Main.storyboard */,
				28E1000C25172A45003BFFD9 /* Assets.xcassets */,
				28E1000E25172A45003BFFD9 /* Info.plist */,
				28E1001625172AC7003BFFD9 /* explode.sks */,
				28E1001725172AC7003BFFD9 /* fuse.sks */,
			);
			path = FireworksNight;
			sourceTree = "<group>";
		};
/* End PBXGroup section */

/* Begin PBXNativeTarget section */
		28E1FFFB25172A44003BFFD9 /* FireworksNight */ = {
			isa = PBXNativeTarget;
			buildConfigurationList = 28E1001125172A45003BFFD9 /* Build configuration list for PBXNativeTarget "FireworksNight" */;
			buildPhases = (
				28E1FFF825172A44003BFFD9 /* Sources */,
				28E1FFF925172A44003BFFD9 /* Frameworks */,
				28E1FFFA25172A44003BFFD9 /* Resources */,
			);
			buildRules = (
			);
			dependencies = (
			);
			name = FireworksNight;
			productName = FireworksNight;
			productReference = 28E1FFFC25172A44003BFFD9 /* FireworksNight.app */;
			productType = "com.apple.product-type.application";
		};
/* End PBXNativeTarget section */

/* Begin PBXProject section */
		28E1FFF425172A44003BFFD9 /* Project object */ = {
			isa = PBXProject;
			attributes = {
				LastSwiftUpdateCheck = 1200;
				LastUpgradeCheck = 1200;
				TargetAttributes = {
					28E1FFFB25172A44003BFFD9 = {
						CreatedOnToolsVersion = 12.0;
					};
				};
			};
			buildConfigurationList = 28E1FFF725172A44003BFFD9 /* Build configuration list for PBXProject "FireworksNight" */;
			compatibilityVersion = "Xcode 9.3";
			developmentRegion = en;
			hasScannedForEncodings = 0;
			knownRegions = (
				en,
				Base,
			);
			mainGroup = 28E1FFF325172A44003BFFD9;
			productRefGroup = 28E1FFFD25172A44003BFFD9 /* Products */;
			projectDirPath = "";
			projectRoot = "";
			targets = (
				28E1FFFB25172A44003BFFD9 /* FireworksNight */,
			);
		};
/* End PBXProject section */

/* Begin PBXResourcesBuildPhase section */
		28E1FFFA25172A44003BFFD9 /* Resources */ = {
			isa = PBXResourcesBuildPhase;
			buildActionMask = 2147483647;
			files = (
				28E1000B25172A44003BFFD9 /* Main.storyboard in Resources */,
				28E1000225172A44003BFFD9 /* GameScene.sks in Resources */,
				28E1001925172AC7003BFFD9 /* fuse.sks in Resources */,
				28E1000D25172A45003BFFD9 /* Assets.xcassets in Resources */,
				28E1001825172AC7003BFFD9 /* explode.sks in Resources */,
			);
			runOnlyForDeploymentPostprocessing = 0;
		};
/* End PBXResourcesBuildPhase section */

/* Begin PBXSourcesBuildPhase section */
		28E1FFF825172A44003BFFD9 /* Sources */ = {
			isa = PBXSourcesBuildPhase;
			buildActionMask = 2147483647;
			files = (
				28E1000625172A44003BFFD9 /* GameScene.swift in Sources */,
				28E1000825172A44003BFFD9 /* GameViewController.swift in Sources */,
				28E1000025172A44003BFFD9 /* AppDelegate.swift in Sources */,
			);
			runOnlyForDeploymentPostprocessing = 0;
		};
/* End PBXSourcesBuildPhase section */

/* Begin PBXVariantGroup section */
		28E1000925172A44003BFFD9 /* Main.storyboard */ = {
			isa = PBXVariantGroup;
			children = (
				28E1000A25172A44003BFFD9 /* Base */,
			);
			name = Main.storyboard;
			sourceTree = "<group>";
		};
/* End PBXVariantGroup section */

/* Begin XCBuildConfiguration section */
		28E1000F25172A45003BFFD9 /* Debug */ = {
			isa = XCBuildConfiguration;
			buildSettings = {
				ALWAYS_SEARCH_USER_PATHS = NO;
				CLANG_ANALYZER_NONNULL = YES;
				CLANG_ANALYZER_NUMBER_OBJECT_CONVERSION = YES_AGGRESSIVE;
				CLANG_CXX_LANGUAGE_STANDARD = "gnu++14";
				CLANG_CXX_LIBRARY = "libc++";
				CLANG_ENABLE_MODULES = YES;
				CLANG_ENABLE_OBJC_ARC = YES;
				CLANG_ENABLE_OBJC_WEAK = YES;
				CLANG_WARN_BLOCK_CAPTURE_AUTORELEASING = YES;
				CLANG_WARN_BOOL_CONVERSION = YES;
				CLANG_WARN_COMMA = YES;
				CLANG_WARN_CONSTANT_CONVERSION = YES;
				CLANG_WARN_DEPRECATED_OBJC_IMPLEMENTATIONS = YES;
				CLANG_WARN_DIRECT_OBJC_ISA_USAGE = YES_ERROR;
				CLANG_WARN_DOCUMENTATION_COMMENTS = YES;
				CLANG_WARN_EMPTY_BODY = YES;
				CLANG_WARN_ENUM_CONVERSION = YES;
				CLANG_WARN_INFINITE_RECURSION = YES;
				CLANG_WARN_INT_CONVERSION = YES;
				CLANG_WARN_NON_LITERAL_NULL_CONVERSION = YES;
				CLANG_WARN_OBJC_IMPLICIT_RETAIN_SELF = YES;
				CLANG_WARN_OBJC_LITERAL_CONVERSION = YES;
				CLANG_WARN_OBJC_ROOT_CLASS = YES_ERROR;
				CLANG_WARN_QUOTED_INCLUDE_IN_FRAMEWORK_HEADER = YES;
				CLANG_WARN_RANGE_LOOP_ANALYSIS = YES;
				CLANG_WARN_STRICT_PROTOTYPES = YES;
				CLANG_WARN_SUSPICIOUS_MOVE = YES;
				CLANG_WARN_UNGUARDED_AVAILABILITY = YES_AGGRESSIVE;
				CLANG_WARN_UNREACHABLE_CODE = YES;
				CLANG_WARN__DUPLICATE_METHOD_MATCH = YES;
				COPY_PHASE_STRIP = NO;
				DEBUG_INFORMATION_FORMAT = dwarf;
				ENABLE_STRICT_OBJC_MSGSEND = YES;
				ENABLE_TESTABILITY = YES;
				GCC_C_LANGUAGE_STANDARD = gnu11;
				GCC_DYNAMIC_NO_PIC = NO;
				GCC_NO_COMMON_BLOCKS = YES;
				GCC_OPTIMIZATION_LEVEL = 0;
				GCC_PREPROCESSOR_DEFINITIONS = (
					"DEBUG=1",
					"$(inherited)",
				);
				GCC_WARN_64_TO_32_BIT_CONVERSION = YES;
				GCC_WARN_ABOUT_RETURN_TYPE = YES_ERROR;
				GCC_WARN_UNDECLARED_SELECTOR = YES;
				GCC_WARN_UNINITIALIZED_AUTOS = YES_AGGRESSIVE;
				GCC_WARN_UNUSED_FUNCTION = YES;
				GCC_WARN_UNUSED_VARIABLE = YES;
				IPHONEOS_DEPLOYMENT_TARGET = 14.0;
				MTL_ENABLE_DEBUG_INFO = INCLUDE_SOURCE;
				MTL_FAST_MATH = YES;
				ONLY_ACTIVE_ARCH = YES;
				SDKROOT = iphoneos;
				SWIFT_ACTIVE_COMPILATION_CONDITIONS = DEBUG;
				SWIFT_OPTIMIZATION_LEVEL = "-Onone";
			};
			name = Debug;
		};
		28E1001025172A45003BFFD9 /* Release */ = {
			isa = XCBuildConfiguration;
			buildSettings = {
				ALWAYS_SEARCH_USER_PATHS = NO;
				CLANG_ANALYZER_NONNULL = YES;
				CLANG_ANALYZER_NUMBER_OBJECT_CONVERSION = YES_AGGRESSIVE;
				CLANG_CXX_LANGUAGE_STANDARD = "gnu++14";
				CLANG_CXX_LIBRARY = "libc++";
				CLANG_ENABLE_MODULES = YES;
				CLANG_ENABLE_OBJC_ARC = YES;
				CLANG_ENABLE_OBJC_WEAK = YES;
				CLANG_WARN_BLOCK_CAPTURE_AUTORELEASING = YES;
				CLANG_WARN_BOOL_CONVERSION = YES;
				CLANG_WARN_COMMA = YES;
				CLANG_WARN_CONSTANT_CONVERSION = YES;
				CLANG_WARN_DEPRECATED_OBJC_IMPLEMENTATIONS = YES;
				CLANG_WARN_DIRECT_OBJC_ISA_USAGE = YES_ERROR;
				CLANG_WARN_DOCUMENTATION_COMMENTS = YES;
				CLANG_WARN_EMPTY_BODY = YES;
				CLANG_WARN_ENUM_CONVERSION = YES;
				CLANG_WARN_INFINITE_RECURSION = YES;
				CLANG_WARN_INT_CONVERSION = YES;
				CLANG_WARN_NON_LITERAL_NULL_CONVERSION = YES;
				CLANG_WARN_OBJC_IMPLICIT_RETAIN_SELF = YES;
				CLANG_WARN_OBJC_LITERAL_CONVERSION = YES;
				CLANG_WARN_OBJC_ROOT_CLASS = YES_ERROR;
				CLANG_WARN_QUOTED_INCLUDE_IN_FRAMEWORK_HEADER = YES;
				CLANG_WARN_RANGE_LOOP_ANALYSIS = YES;
				CLANG_WARN_STRICT_PROTOTYPES = YES;
				CLANG_WARN_SUSPICIOUS_MOVE = YES;
				CLANG_WARN_UNGUARDED_AVAILABILITY = YES_AGGRESSIVE;
				CLANG_WARN_UNREACHABLE_CODE = YES;
				CLANG_WARN__DUPLICATE_METHOD_MATCH = YES;
				COPY_PHASE_STRIP = NO;
				DEBUG_INFORMATION_FORMAT = "dwarf-with-dsym";
				ENABLE_NS_ASSERTIONS = NO;
				ENABLE_STRICT_OBJC_MSGSEND = YES;
				GCC_C_LANGUAGE_STANDARD = gnu11;
				GCC_NO_COMMON_BLOCKS = YES;
				GCC_WARN_64_TO_32_BIT_CONVERSION = YES;
				GCC_WARN_ABOUT_RETURN_TYPE = YES_ERROR;
				GCC_WARN_UNDECLARED_SELECTOR = YES;
				GCC_WARN_UNINITIALIZED_AUTOS = YES_AGGRESSIVE;
				GCC_WARN_UNUSED_FUNCTION = YES;
				GCC_WARN_UNUSED_VARIABLE = YES;
				IPHONEOS_DEPLOYMENT_TARGET = 14.0;
				MTL_ENABLE_DEBUG_INFO = NO;
				MTL_FAST_MATH = YES;
				SDKROOT = iphoneos;
				SWIFT_COMPILATION_MODE = wholemodule;
				SWIFT_OPTIMIZATION_LEVEL = "-O";
				VALIDATE_PRODUCT = YES;
			};
			name = Release;
		};
		28E1001225172A45003BFFD9 /* Debug */ = {
			isa = XCBuildConfiguration;
			buildSettings = {
				ASSETCATALOG_COMPILER_APPICON_NAME = AppIcon;
				ASSETCATALOG_COMPILER_GLOBAL_ACCENT_COLOR_NAME = AccentColor;
				CODE_SIGN_STYLE = Automatic;
				DEVELOPMENT_TEAM = 6P96AE4Y52;
				INFOPLIST_FILE = FireworksNight/Info.plist;
				LD_RUNPATH_SEARCH_PATHS = (
					"$(inherited)",
					"@executable_path/Frameworks",
				);
				PRODUCT_BUNDLE_IDENTIFIER = com.anujrajput.FireworksNight;
				PRODUCT_NAME = "$(TARGET_NAME)";
				SWIFT_VERSION = 5.0;
				TARGETED_DEVICE_FAMILY = 2;
			};
			name = Debug;
		};
		28E1001325172A45003BFFD9 /* Release */ = {
			isa = XCBuildConfiguration;
			buildSettings = {
				ASSETCATALOG_COMPILER_APPICON_NAME = AppIcon;
				ASSETCATALOG_COMPILER_GLOBAL_ACCENT_COLOR_NAME = AccentColor;
				CODE_SIGN_STYLE = Automatic;
				DEVELOPMENT_TEAM = 6P96AE4Y52;
				INFOPLIST_FILE = FireworksNight/Info.plist;
				LD_RUNPATH_SEARCH_PATHS = (
					"$(inherited)",
					"@executable_path/Frameworks",
				);
				PRODUCT_BUNDLE_IDENTIFIER = com.anujrajput.FireworksNight;
				PRODUCT_NAME = "$(TARGET_NAME)";
				SWIFT_VERSION = 5.0;
				TARGETED_DEVICE_FAMILY = 2;
			};
			name = Release;
		};
/* End XCBuildConfiguration section */

/* Begin XCConfigurationList section */
		28E1001125172A45003BFFD9 /* Build configuration list for PBXNativeTarget "FireworksNight" */ = {
			isa = XCConfigurationList;
			buildConfigurations = (
				28E1001225172A45003BFFD9 /* Debug */,
				28E1001325172A45003BFFD9 /* Release */,
			);
			defaultConfigurationIsVisible = 0;
			defaultConfigurationName = Release;
		};
		28E1FFF725172A44003BFFD9 /* Build configuration list for PBXProject "FireworksNight" */ = {
			isa = XCConfigurationList;
			buildConfigurations = (
				28E1000F25172A45003BFFD9 /* Debug */,
				28E1001025172A45003BFFD9 /* Release */,
			);
			defaultConfigurationIsVisible = 0;
			defaultConfigurationName = Release;
		};
/* End XCConfigurationList section */
	};
	rootObject = 28E1FFF425172A44003BFFD9 /* Project object */;
}
