// !$*UTF8*$!
{
	archiveVersion = 1;
	classes = {
	};
	objectVersion = 50;
	objects = {

/* Begin PBXBuildFile section */
		2883E35D24E27AC40043C085 /* AppDelegate.swift in Sources */ = {isa = PBXBuildFile; fileRef = 2883E35C24E27AC40043C085 /* AppDelegate.swift */; };
		2883E35F24E27AC40043C085 /* SceneDelegate.swift in Sources */ = {isa = PBXBuildFile; fileRef = 2883E35E24E27AC40043C085 /* SceneDelegate.swift */; };
		2883E36124E27AC40043C085 /* ContentView.swift in Sources */ = {isa = PBXBuildFile; fileRef = 2883E36024E27AC40043C085 /* ContentView.swift */; };
		2883E36324E27AC60043C085 /* Assets.xcassets in Resources */ = {isa = PBXBuildFile; fileRef = 2883E36224E27AC60043C085 /* Assets.xcassets */; };
		2883E36624E27AC60043C085 /* Preview Assets.xcassets in Resources */ = {isa = PBXBuildFile; fileRef = 2883E36524E27AC60043C085 /* Preview Assets.xcassets */; };
		2883E36924E27AC60043C085 /* LaunchScreen.storyboard in Resources */ = {isa = PBXBuildFile; fileRef = 2883E36724E27AC60043C085 /* LaunchScreen.storyboard */; };
/* End PBXBuildFile section */

/* Begin PBXFileReference section */
		2883E35924E27AC40043C085 /* BetterRest.app */ = {isa = PBXFileReference; explicitFileType = wrapper.application; includeInIndex = 0; path = BetterRest.app; sourceTree = BUILT_PRODUCTS_DIR; };
		2883E35C24E27AC40043C085 /* AppDelegate.swift */ = {isa = PBXFileReference; lastKnownFileType = sourcecode.swift; path = AppDelegate.swift; sourceTree = "<group>"; };
		2883E35E24E27AC40043C085 /* SceneDelegate.swift */ = {isa = PBXFileReference; lastKnownFileType = sourcecode.swift; path = SceneDelegate.swift; sourceTree = "<group>"; };
		2883E36024E27AC40043C085 /* ContentView.swift */ = {isa = PBXFileReference; lastKnownFileType = sourcecode.swift; path = ContentView.swift; sourceTree = "<group>"; };
		2883E36224E27AC60043C085 /* Assets.xcassets */ = {isa = PBXFileReference; lastKnownFileType = folder.assetcatalog; path = Assets.xcassets; sourceTree = "<group>"; };
		2883E36524E27AC60043C085 /* Preview Assets.xcassets */ = {isa = PBXFileReference; lastKnownFileType = folder.assetcatalog; path = "Preview Assets.xcassets"; sourceTree = "<group>"; };
		2883E36824E27AC60043C085 /* Base */ = {isa = PBXFileReference; lastKnownFileType = file.storyboard; name = Base; path = Base.lproj/LaunchScreen.storyboard; sourceTree = "<group>"; };
		2883E36A24E27AC60043C085 /* Info.plist */ = {isa = PBXFileReference; lastKnownFileType = text.plist.xml; path = Info.plist; sourceTree = "<group>"; };
/* End PBXFileReference section */

/* Begin PBXFrameworksBuildPhase section */
		2883E35624E27AC40043C085 /* Frameworks */ = {
			isa = PBXFrameworksBuildPhase;
			buildActionMask = 2147483647;
			files = (
			);
			runOnlyForDeploymentPostprocessing = 0;
		};
/* End PBXFrameworksBuildPhase section */

/* Begin PBXGroup section */
		2883E35024E27AC40043C085 = {
			isa = PBXGroup;
			children = (
				2883E35B24E27AC40043C085 /* BetterRest */,
				2883E35A24E27AC40043C085 /* Products */,
			);
			sourceTree = "<group>";
		};
		2883E35A24E27AC40043C085 /* Products */ = {
			isa = PBXGroup;
			children = (
				2883E35924E27AC40043C085 /* BetterRest.app */,
			);
			name = Products;
			sourceTree = "<group>";
		};
		2883E35B24E27AC40043C085 /* BetterRest */ = {
			isa = PBXGroup;
			children = (
				2883E35C24E27AC40043C085 /* AppDelegate.swift */,
				2883E35E24E27AC40043C085 /* SceneDelegate.swift */,
				2883E36024E27AC40043C085 /* ContentView.swift */,
				2883E36224E27AC60043C085 /* Assets.xcassets */,
				2883E36724E27AC60043C085 /* LaunchScreen.storyboard */,
				2883E36A24E27AC60043C085 /* Info.plist */,
				2883E36424E27AC60043C085 /* Preview Content */,
			);
			path = BetterRest;
			sourceTree = "<group>";
		};
		2883E36424E27AC60043C085 /* Preview Content */ = {
			isa = PBXGroup;
			children = (
				2883E36524E27AC60043C085 /* Preview Assets.xcassets */,
			);
			path = "Preview Content";
			sourceTree = "<group>";
		};
/* End PBXGroup section */

/* Begin PBXNativeTarget section */
		2883E35824E27AC40043C085 /* BetterRest */ = {
			isa = PBXNativeTarget;
			buildConfigurationList = 2883E36D24E27AC60043C085 /* Build configuration list for PBXNativeTarget "BetterRest" */;
			buildPhases = (
				2883E35524E27AC40043C085 /* Sources */,
				2883E35624E27AC40043C085 /* Frameworks */,
				2883E35724E27AC40043C085 /* Resources */,
			);
			buildRules = (
			);
			dependencies = (
			);
			name = BetterRest;
			productName = BetterRest;
			productReference = 2883E35924E27AC40043C085 /* BetterRest.app */;
			productType = "com.apple.product-type.application";
		};
/* End PBXNativeTarget section */

/* Begin PBXProject section */
		2883E35124E27AC40043C085 /* Project object */ = {
			isa = PBXProject;
			attributes = {
				LastSwiftUpdateCheck = 1160;
				LastUpgradeCheck = 1160;
				ORGANIZATIONNAME = "Anuj Rajput";
				TargetAttributes = {
					2883E35824E27AC40043C085 = {
						CreatedOnToolsVersion = 11.6;
					};
				};
			};
			buildConfigurationList = 2883E35424E27AC40043C085 /* Build configuration list for PBXProject "BetterRest" */;
			compatibilityVersion = "Xcode 9.3";
			developmentRegion = en;
			hasScannedForEncodings = 0;
			knownRegions = (
				en,
				Base,
			);
			mainGroup = 2883E35024E27AC40043C085;
			productRefGroup = 2883E35A24E27AC40043C085 /* Products */;
			projectDirPath = "";
			projectRoot = "";
			targets = (
				2883E35824E27AC40043C085 /* BetterRest */,
			);
		};
/* End PBXProject section */

/* Begin PBXResourcesBuildPhase section */
		2883E35724E27AC40043C085 /* Resources */ = {
			isa = PBXResourcesBuildPhase;
			buildActionMask = 2147483647;
			files = (
				2883E36924E27AC60043C085 /* LaunchScreen.storyboard in Resources */,
				2883E36624E27AC60043C085 /* Preview Assets.xcassets in Resources */,
				2883E36324E27AC60043C085 /* Assets.xcassets in Resources */,
			);
			runOnlyForDeploymentPostprocessing = 0;
		};
/* End PBXResourcesBuildPhase section */

/* Begin PBXSourcesBuildPhase section */
		2883E35524E27AC40043C085 /* Sources */ = {
			isa = PBXSourcesBuildPhase;
			buildActionMask = 2147483647;
			files = (
				2883E35D24E27AC40043C085 /* AppDelegate.swift in Sources */,
				2883E35F24E27AC40043C085 /* SceneDelegate.swift in Sources */,
				2883E36124E27AC40043C085 /* ContentView.swift in Sources */,
			);
			runOnlyForDeploymentPostprocessing = 0;
		};
/* End PBXSourcesBuildPhase section */

/* Begin PBXVariantGroup section */
		2883E36724E27AC60043C085 /* LaunchScreen.storyboard */ = {
			isa = PBXVariantGroup;
			children = (
				2883E36824E27AC60043C085 /* Base */,
			);
			name = LaunchScreen.storyboard;
			sourceTree = "<group>";
		};
/* End PBXVariantGroup section */

/* Begin XCBuildConfiguration section */
		2883E36B24E27AC60043C085 /* Debug */ = {
			isa = XCBuildConfiguration;
			buildSettings = {
				ALWAYS_SEARCH_USER_PATHS = NO;
				CLANG_ANALYZER_NONNULL = YES;
				CLANG_ANALYZER_NUMBER_OBJECT_CONVERSION = YES_AGGRESSIVE;
				CLANG_CXX_LANGUAGE_STANDARD = "gnu++14";
				CLANG_CXX_LIBRARY = "libc++";
				CLANG_ENABLE_MODULES = YES;
				CLANG_ENABLE_OBJC_ARC = YES;
				CLANG_ENABLE_OBJC_WEAK = YES;
				CLANG_WARN_BLOCK_CAPTURE_AUTORELEASING = YES;
				CLANG_WARN_BOOL_CONVERSION = YES;
				CLANG_WARN_COMMA = YES;
				CLANG_WARN_CONSTANT_CONVERSION = YES;
				CLANG_WARN_DEPRECATED_OBJC_IMPLEMENTATIONS = YES;
				CLANG_WARN_DIRECT_OBJC_ISA_USAGE = YES_ERROR;
				CLANG_WARN_DOCUMENTATION_COMMENTS = YES;
				CLANG_WARN_EMPTY_BODY = YES;
				CLANG_WARN_ENUM_CONVERSION = YES;
				CLANG_WARN_INFINITE_RECURSION = YES;
				CLANG_WARN_INT_CONVERSION = YES;
				CLANG_WARN_NON_LITERAL_NULL_CONVERSION = YES;
				CLANG_WARN_OBJC_IMPLICIT_RETAIN_SELF = YES;
				CLANG_WARN_OBJC_LITERAL_CONVERSION = YES;
				CLANG_WARN_OBJC_ROOT_CLASS = YES_ERROR;
				CLANG_WARN_RANGE_LOOP_ANALYSIS = YES;
				CLANG_WARN_STRICT_PROTOTYPES = YES;
				CLANG_WARN_SUSPICIOUS_MOVE = YES;
				CLANG_WARN_UNGUARDED_AVAILABILITY = YES_AGGRESSIVE;
				CLANG_WARN_UNREACHABLE_CODE = YES;
				CLANG_WARN__DUPLICATE_METHOD_MATCH = YES;
				COPY_PHASE_STRIP = NO;
				DEBUG_INFORMATION_FORMAT = dwarf;
				ENABLE_STRICT_OBJC_MSGSEND = YES;
				ENABLE_TESTABILITY = YES;
				GCC_C_LANGUAGE_STANDARD = gnu11;
				GCC_DYNAMIC_NO_PIC = NO;
				GCC_NO_COMMON_BLOCKS = YES;
				GCC_OPTIMIZATION_LEVEL = 0;
				GCC_PREPROCESSOR_DEFINITIONS = (
					"DEBUG=1",
					"$(inherited)",
				);
				GCC_WARN_64_TO_32_BIT_CONVERSION = YES;
				GCC_WARN_ABOUT_RETURN_TYPE = YES_ERROR;
				GCC_WARN_UNDECLARED_SELECTOR = YES;
				GCC_WARN_UNINITIALIZED_AUTOS = YES_AGGRESSIVE;
				GCC_WARN_UNUSED_FUNCTION = YES;
				GCC_WARN_UNUSED_VARIABLE = YES;
				IPHONEOS_DEPLOYMENT_TARGET = 13.6;
				MTL_ENABLE_DEBUG_INFO = INCLUDE_SOURCE;
				MTL_FAST_MATH = YES;
				ONLY_ACTIVE_ARCH = YES;
				SDKROOT = iphoneos;
				SWIFT_ACTIVE_COMPILATION_CONDITIONS = DEBUG;
				SWIFT_OPTIMIZATION_LEVEL = "-Onone";
			};
			name = Debug;
		};
		2883E36C24E27AC60043C085 /* Release */ = {
			isa = XCBuildConfiguration;
			buildSettings = {
				ALWAYS_SEARCH_USER_PATHS = NO;
				CLANG_ANALYZER_NONNULL = YES;
				CLANG_ANALYZER_NUMBER_OBJECT_CONVERSION = YES_AGGRESSIVE;
				CLANG_CXX_LANGUAGE_STANDARD = "gnu++14";
				CLANG_CXX_LIBRARY = "libc++";
				CLANG_ENABLE_MODULES = YES;
				CLANG_ENABLE_OBJC_ARC = YES;
				CLANG_ENABLE_OBJC_WEAK = YES;
				CLANG_WARN_BLOCK_CAPTURE_AUTORELEASING = YES;
				CLANG_WARN_BOOL_CONVERSION = YES;
				CLANG_WARN_COMMA = YES;
				CLANG_WARN_CONSTANT_CONVERSION = YES;
				CLANG_WARN_DEPRECATED_OBJC_IMPLEMENTATIONS = YES;
				CLANG_WARN_DIRECT_OBJC_ISA_USAGE = YES_ERROR;
				CLANG_WARN_DOCUMENTATION_COMMENTS = YES;
				CLANG_WARN_EMPTY_BODY = YES;
				CLANG_WARN_ENUM_CONVERSION = YES;
				CLANG_WARN_INFINITE_RECURSION = YES;
				CLANG_WARN_INT_CONVERSION = YES;
				CLANG_WARN_NON_LITERAL_NULL_CONVERSION = YES;
				CLANG_WARN_OBJC_IMPLICIT_RETAIN_SELF = YES;
				CLANG_WARN_OBJC_LITERAL_CONVERSION = YES;
				CLANG_WARN_OBJC_ROOT_CLASS = YES_ERROR;
				CLANG_WARN_RANGE_LOOP_ANALYSIS = YES;
				CLANG_WARN_STRICT_PROTOTYPES = YES;
				CLANG_WARN_SUSPICIOUS_MOVE = YES;
				CLANG_WARN_UNGUARDED_AVAILABILITY = YES_AGGRESSIVE;
				CLANG_WARN_UNREACHABLE_CODE = YES;
				CLANG_WARN__DUPLICATE_METHOD_MATCH = YES;
				COPY_PHASE_STRIP = NO;
				DEBUG_INFORMATION_FORMAT = "dwarf-with-dsym";
				ENABLE_NS_ASSERTIONS = NO;
				ENABLE_STRICT_OBJC_MSGSEND = YES;
				GCC_C_LANGUAGE_STANDARD = gnu11;
				GCC_NO_COMMON_BLOCKS = YES;
				GCC_WARN_64_TO_32_BIT_CONVERSION = YES;
				GCC_WARN_ABOUT_RETURN_TYPE = YES_ERROR;
				GCC_WARN_UNDECLARED_SELECTOR = YES;
				GCC_WARN_UNINITIALIZED_AUTOS = YES_AGGRESSIVE;
				GCC_WARN_UNUSED_FUNCTION = YES;
				GCC_WARN_UNUSED_VARIABLE = YES;
				IPHONEOS_DEPLOYMENT_TARGET = 13.6;
				MTL_ENABLE_DEBUG_INFO = NO;
				MTL_FAST_MATH = YES;
				SDKROOT = iphoneos;
				SWIFT_COMPILATION_MODE = wholemodule;
				SWIFT_OPTIMIZATION_LEVEL = "-O";
				VALIDATE_PRODUCT = YES;
			};
			name = Release;
		};
		2883E36E24E27AC60043C085 /* Debug */ = {
			isa = XCBuildConfiguration;
			buildSettings = {
				ASSETCATALOG_COMPILER_APPICON_NAME = AppIcon;
				CODE_SIGN_STYLE = Automatic;
				DEVELOPMENT_ASSET_PATHS = "\"BetterRest/Preview Content\"";
				DEVELOPMENT_TEAM = 6P96AE4Y52;
				ENABLE_PREVIEWS = YES;
				INFOPLIST_FILE = BetterRest/Info.plist;
				LD_RUNPATH_SEARCH_PATHS = (
					"$(inherited)",
					"@executable_path/Frameworks",
				);
				PRODUCT_BUNDLE_IDENTIFIER = com.anujrajput.BetterRest;
				PRODUCT_NAME = "$(TARGET_NAME)";
				SWIFT_VERSION = 5.0;
				TARGETED_DEVICE_FAMILY = "1,2";
			};
			name = Debug;
		};
		2883E36F24E27AC60043C085 /* Release */ = {
			isa = XCBuildConfiguration;
			buildSettings = {
				ASSETCATALOG_COMPILER_APPICON_NAME = AppIcon;
				CODE_SIGN_STYLE = Automatic;
				DEVELOPMENT_ASSET_PATHS = "\"BetterRest/Preview Content\"";
				DEVELOPMENT_TEAM = 6P96AE4Y52;
				ENABLE_PREVIEWS = YES;
				INFOPLIST_FILE = BetterRest/Info.plist;
				LD_RUNPATH_SEARCH_PATHS = (
					"$(inherited)",
					"@executable_path/Frameworks",
				);
				PRODUCT_BUNDLE_IDENTIFIER = com.anujrajput.BetterRest;
				PRODUCT_NAME = "$(TARGET_NAME)";
				SWIFT_VERSION = 5.0;
				TARGETED_DEVICE_FAMILY = "1,2";
			};
			name = Release;
		};
/* End XCBuildConfiguration section */

/* Begin XCConfigurationList section */
		2883E35424E27AC40043C085 /* Build configuration list for PBXProject "BetterRest" */ = {
			isa = XCConfigurationList;
			buildConfigurations = (
				2883E36B24E27AC60043C085 /* Debug */,
				2883E36C24E27AC60043C085 /* Release */,
			);
			defaultConfigurationIsVisible = 0;
			defaultConfigurationName = Release;
		};
		2883E36D24E27AC60043C085 /* Build configuration list for PBXNativeTarget "BetterRest" */ = {
			isa = XCConfigurationList;
			buildConfigurations = (
				2883E36E24E27AC60043C085 /* Debug */,
				2883E36F24E27AC60043C085 /* Release */,
			);
			defaultConfigurationIsVisible = 0;
			defaultConfigurationName = Release;
		};
/* End XCConfigurationList section */
	};
	rootObject = 2883E35124E27AC40043C085 /* Project object */;
}
